<?xml version="1.0"?>
<!DOCTYPE CodeBlocks_project_file>
<CodeBlocks_project_file>
	<FileVersion major="1" minor="1"/>
	<Project>
		<Option title="i-team"/>
		<Option makefile="Makefile"/>
		<Option makefile_is_custom="0"/>
		<Option compiler="0"/>
		<Build>
			<Target title="default">
				<Option output="i-team.exe"/>
				<Option working_dir="."/>
				<Option object_output=".objs"/>
				<Option deps_output=".deps"/>
				<Option type="1"/>
				<Option compiler="0"/>
				<Option projectResourceIncludeDirsRelation="1"/>
			</Target>
		</Build>
		<Compiler>
			<Add option="-Wall"/>
			<Add option="-g"/>
		</Compiler>
		<Linker>
			<Add library="mingw32"/>
			<Add library="SDLmain"/>
			<Add library="SDL"/>
			<Add library="C:\Program Files\CodeBlocks\mingw32\bin\SDL_mixer.dll"/>
			<Add library="C:\Program Files\CodeBlocks\mingw32\bin\freetype6.dll"/>
			<Add library="C:\Program Files\CodeBlocks\mingw32\bin\SDL_image.dll"/>
			<Add library="C:\Program Files\CodeBlocks\mingw32\lib\libSDL_gfx.a"/>
			<Add library="C:\Program Files\CodeBlocks\mingw32\lib\libopenglut.a"/>
			<Add library="C:\Program Files\CodeBlocks\mingw32\lib\libglaux.a"/>
			<Add library="C:\Program Files\CodeBlocks\mingw32\bin\OpenGL.dll"/>
			<Add library="opengl32"/>
		</Linker>
		<Unit filename="basicwidget.cpp">
			<Option compilerVar="CPP"/>
			<Option target="default"/>
		</Unit>
		<Unit filename="basicwidget.h">
			<Option compilerVar=""/>
			<Option compile="0"/>
			<Option link="0"/>
			<Option target="default"/>
		</Unit>
		<Unit filename="explosions.cpp">
			<Option compilerVar="CPP"/>
			<Option target="default"/>
		</Unit>
		<Unit filename="explosions.h">
			<Option compilerVar=""/>
			<Option compile="0"/>
			<Option link="0"/>
			<Option target="default"/>
		</Unit>
		<Unit filename="functions.cpp">
			<Option compilerVar="CPP"/>
			<Option target="default"/>
		</Unit>
		<Unit filename="functions.h">
			<Option compilerVar=""/>
			<Option compile="0"/>
			<Option link="0"/>
			<Option target="default"/>
		</Unit>
		<Unit filename="globals.h">
			<Option compilerVar=""/>
			<Option compile="0"/>
			<Option link="0"/>
			<Option target="default"/>
		</Unit>
		<Unit filename="iteam-ai.cpp">
			<Option compilerVar="CPP"/>
			<Option target="default"/>
		</Unit>
		<Unit filename="iteam-ai.h">
			<Option compilerVar=""/>
			<Option compile="0"/>
			<Option link="0"/>
			<Option target="default"/>
		</Unit>
		<Unit filename="iteam.cpp">
			<Option compilerVar="CPP"/>
			<Option target="default"/>
		</Unit>
		<Unit filename="iteam_maths.cpp">
			<Option compilerVar="CPP"/>
			<Option target="default"/>
		</Unit>
		<Unit filename="iteam_maths.h">
			<Option compilerVar=""/>
			<Option compile="0"/>
			<Option link="0"/>
			<Option target="default"/>
		</Unit>
		<Unit filename="mainmenu.cpp">
			<Option compilerVar="CPP"/>
			<Option target="default"/>
			<Breakpoint line="100" enabled="1" pass="0" />
		</Unit>
		<Unit filename="mainmenu.h">
			<Option compilerVar=""/>
			<Option compile="0"/>
			<Option link="0"/>
			<Option target="default"/>
		</Unit>
		<Unit filename="physics.cpp">
			<Option compilerVar="CPP"/>
			<Option target="default"/>
		</Unit>
		<Unit filename="physics.h">
			<Option compilerVar=""/>
			<Option compile="0"/>
			<Option link="0"/>
			<Option target="default"/>
		</Unit>
		<Unit filename="players.cpp">
			<Option compilerVar="CPP"/>
			<Option target="default"/>
		</Unit>
		<Unit filename="players.h">
			<Option compilerVar=""/>
			<Option compile="0"/>
			<Option link="0"/>
			<Option target="default"/>
		</Unit>
		<Unit filename="primitives.cpp">
			<Option compilerVar="CPP"/>
			<Option target="default"/>
		</Unit>
		<Unit filename="primitives.h">
			<Option compilerVar=""/>
			<Option compile="0"/>
			<Option link="0"/>
			<Option target="default"/>
		</Unit>
		<Unit filename="settings.cpp">
			<Option compilerVar="CPP"/>
			<Option target="default"/>
		</Unit>
		<Unit filename="settings.h">
			<Option compilerVar=""/>
			<Option compile="0"/>
			<Option link="0"/>
			<Option target="default"/>
		</Unit>
		<Unit filename="weapons.cpp">
			<Option compilerVar="CPP"/>
			<Option target="default"/>
		</Unit>
		<Unit filename="weapons.h">
			<Option compilerVar=""/>
			<Option compile="0"/>
			<Option link="0"/>
			<Option target="default"/>
		</Unit>
		<Unit filename="..\bugfixing\lib\3dmath.cpp">
			<Option compilerVar="CPP"/>
			<Option target="default"/>
		</Unit>
		<Unit filename="..\bugfixing\lib\3dmath.h">
			<Option compilerVar=""/>
			<Option compile="0"/>
			<Option link="0"/>
			<Option target="default"/>
		</Unit>
		<Unit filename="..\bugfixing\lib\audio.cpp">
			<Option compilerVar="CPP"/>
			<Option target="default"/>
		</Unit>
		<Unit filename="..\bugfixing\lib\audio.h">
			<Option compilerVar=""/>
			<Option compile="0"/>
			<Option link="0"/>
			<Option target="default"/>
		</Unit>
		<Unit filename="..\bugfixing\lib\camera.cpp">
			<Option compilerVar="CPP"/>
			<Option target="default"/>
		</Unit>
		<Unit filename="..\bugfixing\lib\camera.h">
			<Option compilerVar=""/>
			<Option compile="0"/>
			<Option link="0"/>
			<Option target="default"/>
		</Unit>
		<Unit filename="..\bugfixing\lib\collision.cpp">
			<Option compilerVar="CPP"/>
			<Option target="default"/>
		</Unit>
		<Unit filename="..\bugfixing\lib\collision.h">
			<Option compilerVar=""/>
			<Option compile="0"/>
			<Option link="0"/>
			<Option target="default"/>
		</Unit>
		<Unit filename="..\bugfixing\lib\core.cpp">
			<Option compilerVar="CPP"/>
			<Option target="default"/>
		</Unit>
		<Unit filename="..\bugfixing\lib\core.h">
			<Option compilerVar=""/>
			<Option compile="0"/>
			<Option link="0"/>
			<Option target="default"/>
		</Unit>
		<Unit filename="..\bugfixing\lib\fps.cpp">
			<Option compilerVar="CPP"/>
			<Option target="default"/>
		</Unit>
		<Unit filename="..\bugfixing\lib\fps.h">
			<Option compilerVar=""/>
			<Option compile="0"/>
			<Option link="0"/>
			<Option target="default"/>
		</Unit>
		<Unit filename="..\bugfixing\lib\freetype.cpp">
			<Option compilerVar="CPP"/>
			<Option target="default"/>
			<Breakpoint line="186" enabled="1" pass="0" />
			<Breakpoint line="188" enabled="1" pass="0" />
			<Breakpoint line="220" enabled="1" pass="0" />
			<Breakpoint line="224" enabled="1" pass="0" />
			<Breakpoint line="161" enabled="1" pass="0" />
			<Breakpoint line="75" enabled="1" pass="0" />
			<Breakpoint line="79" enabled="1" pass="0" />
			<Breakpoint line="80" enabled="1" pass="0" />
			<Breakpoint line="81" enabled="1" pass="0" />
			<Breakpoint line="84" enabled="1" pass="0" />
			<Breakpoint line="85" enabled="1" pass="0" />
			<Breakpoint line="88" enabled="1" pass="0" />
			<Breakpoint line="93" enabled="1" pass="0" />
			<Breakpoint line="94" enabled="1" pass="0" />
			<Breakpoint line="97" enabled="1" pass="0" />
			<Breakpoint line="107" enabled="1" pass="0" />
			<Breakpoint line="110" enabled="1" pass="0" />
			<Breakpoint line="111" enabled="1" pass="0" />
			<Breakpoint line="112" enabled="1" pass="0" />
			<Breakpoint line="113" enabled="1" pass="0" />
			<Breakpoint line="117" enabled="1" pass="0" />
			<Breakpoint line="119" enabled="1" pass="0" />
			<Breakpoint line="118" enabled="1" pass="0" />
			<Breakpoint line="124" enabled="1" pass="0" />
			<Breakpoint line="128" enabled="1" pass="0" />
			<Breakpoint line="131" enabled="1" pass="0" />
			<Breakpoint line="133" enabled="1" pass="0" />
			<Breakpoint line="138" enabled="1" pass="0" />
			<Breakpoint line="143" enabled="1" pass="0" />
			<Breakpoint line="144" enabled="1" pass="0" />
			<Breakpoint line="153" enabled="1" pass="0" />
			<Breakpoint line="162" enabled="1" pass="0" />
			<Breakpoint line="163" enabled="1" pass="0" />
			<Breakpoint line="165" enabled="1" pass="0" />
			<Breakpoint line="164" enabled="1" pass="0" />
			<Breakpoint line="166" enabled="1" pass="0" />
			<Breakpoint line="167" enabled="1" pass="0" />
			<Breakpoint line="168" enabled="1" pass="0" />
			<Breakpoint line="173" enabled="1" pass="0" />
			<Breakpoint line="176" enabled="1" pass="0" />
			<Breakpoint line="223" enabled="1" pass="0" />
		</Unit>
		<Unit filename="..\bugfixing\lib\freetype.h">
			<Option compilerVar=""/>
			<Option compile="0"/>
			<Option link="0"/>
			<Option target="default"/>
		</Unit>
		<Unit filename="..\bugfixing\lib\gp2d.h">
			<Option compilerVar=""/>
			<Option compile="0"/>
			<Option link="0"/>
			<Option target="default"/>
		</Unit>
		<Unit filename="..\bugfixing\lib\gui_system.cpp">
			<Option compilerVar="CPP"/>
			<Option target="default"/>
		</Unit>
		<Unit filename="..\bugfixing\lib\gui_system.h">
			<Option compilerVar=""/>
			<Option compile="0"/>
			<Option link="0"/>
			<Option target="default"/>
		</Unit>
		<Unit filename="..\bugfixing\lib\inputhandler.cpp">
			<Option compilerVar="CPP"/>
			<Option target="default"/>
		</Unit>
		<Unit filename="..\bugfixing\lib\inputhandler.h">
			<Option compilerVar=""/>
			<Option compile="0"/>
			<Option link="0"/>
			<Option target="default"/>
		</Unit>
		<Unit filename="..\bugfixing\lib\sprite.cpp">
			<Option compilerVar="CPP"/>
			<Option target="default"/>
		</Unit>
		<Unit filename="..\bugfixing\lib\sprite.h">
			<Option compilerVar=""/>
			<Option compile="0"/>
			<Option link="0"/>
			<Option target="default"/>
		</Unit>
		<Unit filename="..\bugfixing\lib\spritesheet.cpp">
			<Option compilerVar="CPP"/>
			<Option target="default"/>
		</Unit>
		<Unit filename="..\bugfixing\lib\spritesheet.h">
			<Option compilerVar=""/>
			<Option compile="0"/>
			<Option link="0"/>
			<Option target="default"/>
		</Unit>
		<Unit filename="..\bugfixing\lib\timer.cpp">
			<Option compilerVar="CPP"/>
			<Option target="default"/>
		</Unit>
		<Unit filename="..\bugfixing\lib\timer.h">
			<Option compilerVar=""/>
			<Option compile="0"/>
			<Option link="0"/>
			<Option target="default"/>
		</Unit>
	</Project>
</CodeBlocks_project_file>
